// !$*UTF8*$!
{
	archiveVersion = 1;
	classes = {
	};
	objectVersion = 50;
	objects = {

/* Begin PBXBuildFile section */
		B640F71925F565BA00CABE27 /* main.c in Sources */ = {isa = PBXBuildFile; fileRef = B640F71825F565BA00CABE27 /* main.c */; };
		B64790B325F59372002C1A6A /* main.c in Sources */ = {isa = PBXBuildFile; fileRef = B64790B225F59372002C1A6A /* main.c */; };
		B6CCAB1F25F676620009C9E5 /* main.c in Sources */ = {isa = PBXBuildFile; fileRef = B6CCAB1E25F676620009C9E5 /* main.c */; };
		B6CCAB2825F676810009C9E5 /* bench.c in Sources */ = {isa = PBXBuildFile; fileRef = B6CCAB2725F676810009C9E5 /* bench.c */; };
/* End PBXBuildFile section */

/* Begin PBXCopyFilesBuildPhase section */
		B640F71325F565BA00CABE27 /* CopyFiles */ = {
			isa = PBXCopyFilesBuildPhase;
			buildActionMask = 2147483647;
			dstPath = /usr/share/man/man1/;
			dstSubfolderSpec = 0;
			files = (
			);
			runOnlyForDeploymentPostprocessing = 1;
		};
		B64790AE25F59372002C1A6A /* CopyFiles */ = {
			isa = PBXCopyFilesBuildPhase;
			buildActionMask = 2147483647;
			dstPath = /usr/share/man/man1/;
			dstSubfolderSpec = 0;
			files = (
			);
			runOnlyForDeploymentPostprocessing = 1;
		};
		B6CCAB1A25F676620009C9E5 /* CopyFiles */ = {
			isa = PBXCopyFilesBuildPhase;
			buildActionMask = 2147483647;
			dstPath = /usr/share/man/man1/;
			dstSubfolderSpec = 0;
			files = (
			);
			runOnlyForDeploymentPostprocessing = 1;
		};
/* End PBXCopyFilesBuildPhase section */

/* Begin PBXFileReference section */
		B640F71525F565BA00CABE27 /* binary_search */ = {isa = PBXFileReference; explicitFileType = "compiled.mach-o.executable"; includeInIndex = 0; path = binary_search; sourceTree = BUILT_PRODUCTS_DIR; };
		B640F71825F565BA00CABE27 /* main.c */ = {isa = PBXFileReference; lastKnownFileType = sourcecode.c.c; path = main.c; sourceTree = "<group>"; };
		B64790B025F59372002C1A6A /* test */ = {isa = PBXFileReference; explicitFileType = "compiled.mach-o.executable"; includeInIndex = 0; path = test; sourceTree = BUILT_PRODUCTS_DIR; };
		B64790B225F59372002C1A6A /* main.c */ = {isa = PBXFileReference; lastKnownFileType = sourcecode.c.c; path = main.c; sourceTree = "<group>"; };
		B6CCAB1C25F676620009C9E5 /* Bench */ = {isa = PBXFileReference; explicitFileType = "compiled.mach-o.executable"; includeInIndex = 0; path = Bench; sourceTree = BUILT_PRODUCTS_DIR; };
		B6CCAB1E25F676620009C9E5 /* main.c */ = {isa = PBXFileReference; lastKnownFileType = sourcecode.c.c; path = main.c; sourceTree = "<group>"; };
		B6CCAB2625F676810009C9E5 /* bench.h */ = {isa = PBXFileReference; lastKnownFileType = sourcecode.c.h; path = bench.h; sourceTree = "<group>"; };
		B6CCAB2725F676810009C9E5 /* bench.c */ = {isa = PBXFileReference; lastKnownFileType = sourcecode.c.c; path = bench.c; sourceTree = "<group>"; };
/* End PBXFileReference section */

/* Begin PBXFrameworksBuildPhase section */
		B640F71225F565BA00CABE27 /* Frameworks */ = {
			isa = PBXFrameworksBuildPhase;
			buildActionMask = 2147483647;
			files = (
			);
			runOnlyForDeploymentPostprocessing = 0;
		};
		B64790AD25F59372002C1A6A /* Frameworks */ = {
			isa = PBXFrameworksBuildPhase;
			buildActionMask = 2147483647;
			files = (
			);
			runOnlyForDeploymentPostprocessing = 0;
		};
		B6CCAB1925F676620009C9E5 /* Frameworks */ = {
			isa = PBXFrameworksBuildPhase;
			buildActionMask = 2147483647;
			files = (
			);
			runOnlyForDeploymentPostprocessing = 0;
		};
/* End PBXFrameworksBuildPhase section */

/* Begin PBXGroup section */
		B640F70C25F565BA00CABE27 = {
			isa = PBXGroup;
			children = (
				B640F71725F565BA00CABE27 /* binary_search */,
				B64790B125F59372002C1A6A /* test */,
				B6CCAB1D25F676620009C9E5 /* Bench */,
				B640F71625F565BA00CABE27 /* Products */,
			);
			sourceTree = "<group>";
		};
		B640F71625F565BA00CABE27 /* Products */ = {
			isa = PBXGroup;
			children = (
				B640F71525F565BA00CABE27 /* binary_search */,
				B64790B025F59372002C1A6A /* test */,
				B6CCAB1C25F676620009C9E5 /* Bench */,
			);
			name = Products;
			sourceTree = "<group>";
		};
		B640F71725F565BA00CABE27 /* binary_search */ = {
			isa = PBXGroup;
			children = (
				B640F71825F565BA00CABE27 /* main.c */,
			);
			path = binary_search;
			sourceTree = "<group>";
		};
		B64790B125F59372002C1A6A /* test */ = {
			isa = PBXGroup;
			children = (
				B64790B225F59372002C1A6A /* main.c */,
			);
			path = test;
			sourceTree = "<group>";
		};
		B6CCAB1D25F676620009C9E5 /* Bench */ = {
			isa = PBXGroup;
			children = (
				B6CCAB1E25F676620009C9E5 /* main.c */,
				B6CCAB2625F676810009C9E5 /* bench.h */,
				B6CCAB2725F676810009C9E5 /* bench.c */,
			);
			path = Bench;
			sourceTree = "<group>";
		};
/* End PBXGroup section */

/* Begin PBXNativeTarget section */
		B640F71425F565BA00CABE27 /* binary_search */ = {
			isa = PBXNativeTarget;
			buildConfigurationList = B640F71C25F565BA00CABE27 /* Build configuration list for PBXNativeTarget "binary_search" */;
			buildPhases = (
				B640F71125F565BA00CABE27 /* Sources */,
				B640F71225F565BA00CABE27 /* Frameworks */,
				B640F71325F565BA00CABE27 /* CopyFiles */,
			);
			buildRules = (
			);
			dependencies = (
			);
			name = binary_search;
			productName = binary_search;
			productReference = B640F71525F565BA00CABE27 /* binary_search */;
			productType = "com.apple.product-type.tool";
		};
		B64790AF25F59372002C1A6A /* test */ = {
			isa = PBXNativeTarget;
			buildConfigurationList = B64790B425F59372002C1A6A /* Build configuration list for PBXNativeTarget "test" */;
			buildPhases = (
				B64790AC25F59372002C1A6A /* Sources */,
				B64790AD25F59372002C1A6A /* Frameworks */,
				B64790AE25F59372002C1A6A /* CopyFiles */,
			);
			buildRules = (
			);
			dependencies = (
			);
			name = test;
			productName = test;
			productReference = B64790B025F59372002C1A6A /* test */;
			productType = "com.apple.product-type.tool";
		};
		B6CCAB1B25F676620009C9E5 /* Bench */ = {
			isa = PBXNativeTarget;
			buildConfigurationList = B6CCAB2225F676620009C9E5 /* Build configuration list for PBXNativeTarget "Bench" */;
			buildPhases = (
				B6CCAB1825F676620009C9E5 /* Sources */,
				B6CCAB1925F676620009C9E5 /* Frameworks */,
				B6CCAB1A25F676620009C9E5 /* CopyFiles */,
			);
			buildRules = (
			);
			dependencies = (
			);
			name = Bench;
			productName = Bench;
			productReference = B6CCAB1C25F676620009C9E5 /* Bench */;
			productType = "com.apple.product-type.tool";
		};
/* End PBXNativeTarget section */

/* Begin PBXProject section */
		B640F70D25F565BA00CABE27 /* Project object */ = {
			isa = PBXProject;
			attributes = {
				LastUpgradeCheck = 1240;
				TargetAttributes = {
					B640F71425F565BA00CABE27 = {
						CreatedOnToolsVersion = 12.4;
					};
					B64790AF25F59372002C1A6A = {
						CreatedOnToolsVersion = 12.4;
					};
					B6CCAB1B25F676620009C9E5 = {
						CreatedOnToolsVersion = 12.4;
					};
				};
			};
			buildConfigurationList = B640F71025F565BA00CABE27 /* Build configuration list for PBXProject "binary_search" */;
			compatibilityVersion = "Xcode 9.3";
			developmentRegion = en;
			hasScannedForEncodings = 0;
			knownRegions = (
				en,
				Base,
			);
			mainGroup = B640F70C25F565BA00CABE27;
			productRefGroup = B640F71625F565BA00CABE27 /* Products */;
			projectDirPath = "";
			projectRoot = "";
			targets = (
				B640F71425F565BA00CABE27 /* binary_search */,
				B64790AF25F59372002C1A6A /* test */,
				B6CCAB1B25F676620009C9E5 /* Bench */,
			);
		};
/* End PBXProject section */

/* Begin PBXSourcesBuildPhase section */
		B640F71125F565BA00CABE27 /* Sources */ = {
			isa = PBXSourcesBuildPhase;
			buildActionMask = 2147483647;
			files = (
				B640F71925F565BA00CABE27 /* main.c in Sources */,
			);
			runOnlyForDeploymentPostprocessing = 0;
		};
		B64790AC25F59372002C1A6A /* Sources */ = {
			isa = PBXSourcesBuildPhase;
			buildActionMask = 2147483647;
			files = (
				B64790B325F59372002C1A6A /* main.c in Sources */,
			);
			runOnlyForDeploymentPostprocessing = 0;
		};
		B6CCAB1825F676620009C9E5 /* Sources */ = {
			isa = PBXSourcesBuildPhase;
			buildActionMask = 2147483647;
			files = (
				B6CCAB2825F676810009C9E5 /* bench.c in Sources */,
				B6CCAB1F25F676620009C9E5 /* main.c in Sources */,
			);
			runOnlyForDeploymentPostprocessing = 0;
		};
/* End PBXSourcesBuildPhase section */

/* Begin XCBuildConfiguration section */
		B640F71A25F565BA00CABE27 /* Debug */ = {
			isa = XCBuildConfiguration;
			buildSettings = {
				ALWAYS_SEARCH_USER_PATHS = NO;
				CLANG_ANALYZER_NONNULL = YES;
				CLANG_ANALYZER_NUMBER_OBJECT_CONVERSION = YES_AGGRESSIVE;
				CLANG_CXX_LANGUAGE_STANDARD = "gnu++14";
				CLANG_CXX_LIBRARY = "libc++";
				CLANG_ENABLE_MODULES = YES;
				CLANG_ENABLE_OBJC_ARC = YES;
				CLANG_ENABLE_OBJC_WEAK = YES;
				CLANG_WARN_BLOCK_CAPTURE_AUTORELEASING = YES;
				CLANG_WARN_BOOL_CONVERSION = YES;
				CLANG_WARN_COMMA = YES;
				CLANG_WARN_CONSTANT_CONVERSION = YES;
				CLANG_WARN_DEPRECATED_OBJC_IMPLEMENTATIONS = YES;
				CLANG_WARN_DIRECT_OBJC_ISA_USAGE = YES_ERROR;
				CLANG_WARN_DOCUMENTATION_COMMENTS = YES;
				CLANG_WARN_EMPTY_BODY = YES;
				CLANG_WARN_ENUM_CONVERSION = YES;
				CLANG_WARN_INFINITE_RECURSION = YES;
				CLANG_WARN_INT_CONVERSION = YES;
				CLANG_WARN_NON_LITERAL_NULL_CONVERSION = YES;
				CLANG_WARN_OBJC_IMPLICIT_RETAIN_SELF = YES;
				CLANG_WARN_OBJC_LITERAL_CONVERSION = YES;
				CLANG_WARN_OBJC_ROOT_CLASS = YES_ERROR;
				CLANG_WARN_QUOTED_INCLUDE_IN_FRAMEWORK_HEADER = YES;
				CLANG_WARN_RANGE_LOOP_ANALYSIS = YES;
				CLANG_WARN_STRICT_PROTOTYPES = YES;
				CLANG_WARN_SUSPICIOUS_MOVE = YES;
				CLANG_WARN_UNGUARDED_AVAILABILITY = YES_AGGRESSIVE;
				CLANG_WARN_UNREACHABLE_CODE = YES;
				CLANG_WARN__DUPLICATE_METHOD_MATCH = YES;
				COPY_PHASE_STRIP = NO;
				DEBUG_INFORMATION_FORMAT = dwarf;
				ENABLE_STRICT_OBJC_MSGSEND = YES;
				ENABLE_TESTABILITY = YES;
				GCC_C_LANGUAGE_STANDARD = gnu11;
				GCC_DYNAMIC_NO_PIC = NO;
				GCC_NO_COMMON_BLOCKS = YES;
				GCC_OPTIMIZATION_LEVEL = 0;
				GCC_PREPROCESSOR_DEFINITIONS = (
					"DEBUG=1",
					"$(inherited)",
				);
				GCC_WARN_64_TO_32_BIT_CONVERSION = YES;
				GCC_WARN_ABOUT_RETURN_TYPE = YES_ERROR;
				GCC_WARN_UNDECLARED_SELECTOR = YES;
				GCC_WARN_UNINITIALIZED_AUTOS = YES_AGGRESSIVE;
				GCC_WARN_UNUSED_FUNCTION = YES;
				GCC_WARN_UNUSED_VARIABLE = YES;
				MACOSX_DEPLOYMENT_TARGET = 11.1;
				MTL_ENABLE_DEBUG_INFO = INCLUDE_SOURCE;
				MTL_FAST_MATH = YES;
				ONLY_ACTIVE_ARCH = YES;
				SDKROOT = macosx;
			};
			name = Debug;
		};
		B640F71B25F565BA00CABE27 /* Release */ = {
			isa = XCBuildConfiguration;
			buildSettings = {
				ALWAYS_SEARCH_USER_PATHS = NO;
				CLANG_ANALYZER_NONNULL = YES;
				CLANG_ANALYZER_NUMBER_OBJECT_CONVERSION = YES_AGGRESSIVE;
				CLANG_CXX_LANGUAGE_STANDARD = "gnu++14";
				CLANG_CXX_LIBRARY = "libc++";
				CLANG_ENABLE_MODULES = YES;
				CLANG_ENABLE_OBJC_ARC = YES;
				CLANG_ENABLE_OBJC_WEAK = YES;
				CLANG_WARN_BLOCK_CAPTURE_AUTORELEASING = YES;
				CLANG_WARN_BOOL_CONVERSION = YES;
				CLANG_WARN_COMMA = YES;
				CLANG_WARN_CONSTANT_CONVERSION = YES;
				CLANG_WARN_DEPRECATED_OBJC_IMPLEMENTATIONS = YES;
				CLANG_WARN_DIRECT_OBJC_ISA_USAGE = YES_ERROR;
				CLANG_WARN_DOCUMENTATION_COMMENTS = YES;
				CLANG_WARN_EMPTY_BODY = YES;
				CLANG_WARN_ENUM_CONVERSION = YES;
				CLANG_WARN_INFINITE_RECURSION = YES;
				CLANG_WARN_INT_CONVERSION = YES;
				CLANG_WARN_NON_LITERAL_NULL_CONVERSION = YES;
				CLANG_WARN_OBJC_IMPLICIT_RETAIN_SELF = YES;
				CLANG_WARN_OBJC_LITERAL_CONVERSION = YES;
				CLANG_WARN_OBJC_ROOT_CLASS = YES_ERROR;
				CLANG_WARN_QUOTED_INCLUDE_IN_FRAMEWORK_HEADER = YES;
				CLANG_WARN_RANGE_LOOP_ANALYSIS = YES;
				CLANG_WARN_STRICT_PROTOTYPES = YES;
				CLANG_WARN_SUSPICIOUS_MOVE = YES;
				CLANG_WARN_UNGUARDED_AVAILABILITY = YES_AGGRESSIVE;
				CLANG_WARN_UNREACHABLE_CODE = YES;
				CLANG_WARN__DUPLICATE_METHOD_MATCH = YES;
				COPY_PHASE_STRIP = NO;
				DEBUG_INFORMATION_FORMAT = "dwarf-with-dsym";
				ENABLE_NS_ASSERTIONS = NO;
				ENABLE_STRICT_OBJC_MSGSEND = YES;
				GCC_C_LANGUAGE_STANDARD = gnu11;
				GCC_NO_COMMON_BLOCKS = YES;
				GCC_WARN_64_TO_32_BIT_CONVERSION = YES;
				GCC_WARN_ABOUT_RETURN_TYPE = YES_ERROR;
				GCC_WARN_UNDECLARED_SELECTOR = YES;
				GCC_WARN_UNINITIALIZED_AUTOS = YES_AGGRESSIVE;
				GCC_WARN_UNUSED_FUNCTION = YES;
				GCC_WARN_UNUSED_VARIABLE = YES;
				MACOSX_DEPLOYMENT_TARGET = 11.1;
				MTL_ENABLE_DEBUG_INFO = NO;
				MTL_FAST_MATH = YES;
				SDKROOT = macosx;
			};
			name = Release;
		};
		B640F71D25F565BA00CABE27 /* Debug */ = {
			isa = XCBuildConfiguration;
			buildSettings = {
				CODE_SIGN_STYLE = Automatic;
				OTHER_CFLAGS = "";
				PRODUCT_NAME = "$(TARGET_NAME)";
			};
			name = Debug;
		};
		B640F71E25F565BA00CABE27 /* Release */ = {
			isa = XCBuildConfiguration;
			buildSettings = {
				CODE_SIGN_STYLE = Automatic;
				OTHER_CFLAGS = "";
				PRODUCT_NAME = "$(TARGET_NAME)";
			};
			name = Release;
		};
		B64790B525F59372002C1A6A /* Debug */ = {
			isa = XCBuildConfiguration;
			buildSettings = {
				CODE_SIGN_STYLE = Automatic;
				PRODUCT_NAME = "$(TARGET_NAME)";
			};
			name = Debug;
		};
		B64790B625F59372002C1A6A /* Release */ = {
			isa = XCBuildConfiguration;
			buildSettings = {
				CODE_SIGN_STYLE = Automatic;
				PRODUCT_NAME = "$(TARGET_NAME)";
			};
			name = Release;
		};
		B6CCAB2025F676620009C9E5 /* Debug */ = {
			isa = XCBuildConfiguration;
			buildSettings = {
				CODE_SIGN_STYLE = Automatic;
				OTHER_CFLAGS = "";
				PRODUCT_NAME = "$(TARGET_NAME)";
				WARNING_CFLAGS = "";
			};
			name = Debug;
		};
		B6CCAB2125F676620009C9E5 /* Release */ = {
			isa = XCBuildConfiguration;
			buildSettings = {
				CODE_SIGN_STYLE = Automatic;
				OTHER_CFLAGS = "";
				PRODUCT_NAME = "$(TARGET_NAME)";
				WARNING_CFLAGS = "";
			};
			name = Release;
		};
/* End XCBuildConfiguration section */

/* Begin XCConfigurationList section */
		B640F71025F565BA00CABE27 /* Build configuration list for PBXProject "binary_search" */ = {
			isa = XCConfigurationList;
			buildConfigurations = (
				B640F71A25F565BA00CABE27 /* Debug */,
				B640F71B25F565BA00CABE27 /* Release */,
			);
			defaultConfigurationIsVisible = 0;
			defaultConfigurationName = Release;
		};
		B640F71C25F565BA00CABE27 /* Build configuration list for PBXNativeTarget "binary_search" */ = {
			isa = XCConfigurationList;
			buildConfigurations = (
				B640F71D25F565BA00CABE27 /* Debug */,
				B640F71E25F565BA00CABE27 /* Release */,
			);
			defaultConfigurationIsVisible = 0;
			defaultConfigurationName = Release;
		};
		B64790B425F59372002C1A6A /* Build configuration list for PBXNativeTarget "test" */ = {
			isa = XCConfigurationList;
			buildConfigurations = (
				B64790B525F59372002C1A6A /* Debug */,
				B64790B625F59372002C1A6A /* Release */,
			);
			defaultConfigurationIsVisible = 0;
			defaultConfigurationName = Release;
		};
		B6CCAB2225F676620009C9E5 /* Build configuration list for PBXNativeTarget "Bench" */ = {
			isa = XCConfigurationList;
			buildConfigurations = (
				B6CCAB2025F676620009C9E5 /* Debug */,
				B6CCAB2125F676620009C9E5 /* Release */,
			);
			defaultConfigurationIsVisible = 0;
			defaultConfigurationName = Release;
		};
/* End XCConfigurationList section */
	};
	rootObject = B640F70D25F565BA00CABE27 /* Project object */;
}
